
Microsoft Visual Studio Solution File, Format Version 12.00
# Visual Studio 15
VisualStudioVersion = 15.0.26124.0
MinimumVisualStudioVersion = 15.0.26124.0
Project("{9A19103F-16F7-4668-BE54-9A1E7A4F7556}") = "R5T.Smyni.Standard.Construction", "R5T.Smyni.Standard.Construction\R5T.Smyni.Standard.Construction.csproj", "{7BAB3B9B-D181-494B-891A-1FACF116B368}"
EndProject
Project("{9A19103F-16F7-4668-BE54-9A1E7A4F7556}") = "R5T.Smyni.Standard", "R5T.Smyni.Standard\R5T.Smyni.Standard.csproj", "{8A36C978-D63E-4FB3-A6BC-64F4E67C360B}"
EndProject
Project("{9A19103F-16F7-4668-BE54-9A1E7A4F7556}") = "R5T.Smyni.Standard.Testing", "R5T.Smyni.Standard.Testing\R5T.Smyni.Standard.Testing.csproj", "{85F75772-BEC5-4078-8FB4-0FEFAB48BBE2}"
EndProject
Project("{2150E333-8FDC-42A3-9474-1A3956D46DE8}") = "_Dependencies", "_Dependencies", "{B48E230A-8E48-4E2E-90D1-C710FDB56483}"
EndProject
Project("{9A19103F-16F7-4668-BE54-9A1E7A4F7556}") = "R5T.Smyni.Norsica", "..\..\R5T.Smyni.Norsica\source\R5T.Smyni.Norsica\R5T.Smyni.Norsica.csproj", "{B92FEFC0-4A28-4136-A302-B889EE225240}"
EndProject
Project("{9A19103F-16F7-4668-BE54-9A1E7A4F7556}") = "R5T.Norsica.Standard", "..\..\R5T.Norsica.Standard\source\R5T.Norsica.Standard\R5T.Norsica.Standard.csproj", "{B175DA3D-ADBD-4E5F-A496-EDB6E3D7C732}"
EndProject
Project("{9A19103F-16F7-4668-BE54-9A1E7A4F7556}") = "R5T.Caledonia.Default", "..\..\R5T.Caledonia.Default\source\R5T.Caledonia.Default\R5T.Caledonia.Default.csproj", "{5FD8745D-1AF4-4719-BC80-859BCE2A05FD}"
EndProject
Project("{9A19103F-16F7-4668-BE54-9A1E7A4F7556}") = "R5T.Caledonia.Base", "..\..\R5T.Caledonia.Base\source\R5T.Caledonia.Base\R5T.Caledonia.Base.csproj", "{063F05D8-C70A-4713-B71A-E1B480126749}"
EndProject
Project("{9A19103F-16F7-4668-BE54-9A1E7A4F7556}") = "R5T.Caledonia.Types", "..\..\R5T.Caledonia.Types\source\R5T.Caledonia.Types\R5T.Caledonia.Types.csproj", "{5C1532FE-1150-43A8-BD8E-133A91DF08DC}"
EndProject
Project("{9A19103F-16F7-4668-BE54-9A1E7A4F7556}") = "R5T.Magyar", "..\..\R5T.Magyar\source\R5T.Magyar\R5T.Magyar.csproj", "{D366C077-88C4-4CE4-8D7A-3F9D7E645879}"
EndProject
Project("{9A19103F-16F7-4668-BE54-9A1E7A4F7556}") = "R5T.Norsica.Configuration.Sardinia", "..\..\R5T.Norsica.Configuration.Sardinia\source\R5T.Norsica.Configuration.Sardinia\R5T.Norsica.Configuration.Sardinia.csproj", "{D31E14E8-132F-4127-9E83-A23E21CAF5E4}"
EndProject
Project("{9A19103F-16F7-4668-BE54-9A1E7A4F7556}") = "R5T.Norsica.Configuration", "..\..\R5T.Norsica.Configuration\source\R5T.Norsica.Configuration\R5T.Norsica.Configuration.csproj", "{EEFD1F35-32CA-4435-9B04-12E1C06143C6}"
EndProject
Project("{9A19103F-16F7-4668-BE54-9A1E7A4F7556}") = "R5T.Sardinia", "..\..\R5T.Sardinia\source\R5T.Sardinia\R5T.Sardinia.csproj", "{FE6AFC40-E097-46D4-AF44-E2F3D7B97CF2}"
EndProject
Project("{9A19103F-16F7-4668-BE54-9A1E7A4F7556}") = "R5T.Chamavia", "..\..\R5T.Chamavia\source\R5T.Chamavia\R5T.Chamavia.csproj", "{117F4AFE-EE73-4571-A46D-11DB9ADBDAB4}"
EndProject
Project("{9A19103F-16F7-4668-BE54-9A1E7A4F7556}") = "R5T.Dacia", "..\..\R5T.Dacia\source\R5T.Dacia\R5T.Dacia.csproj", "{001D2289-8880-45BA-A4F2-107E2608BEA8}"
EndProject
Project("{9A19103F-16F7-4668-BE54-9A1E7A4F7556}") = "R5T.Opatia", "..\..\R5T.Opatia\source\R5T.Opatia\R5T.Opatia.csproj", "{ADFCCFE4-DFFD-4BD6-9AF2-D56F5875E228}"
EndProject
Project("{9A19103F-16F7-4668-BE54-9A1E7A4F7556}") = "R5T.Norsica.Configuration.Suebia", "..\..\R5T.Norsica.Configuration.Suebia\source\R5T.Norsica.Configuration.Suebia\R5T.Norsica.Configuration.Suebia.csproj", "{0C54BCB5-2551-49DC-B158-6B40C5884286}"
EndProject
Project("{9A19103F-16F7-4668-BE54-9A1E7A4F7556}") = "R5T.Suebia.Extensions", "..\..\R5T.Suebia.Extensions\source\R5T.Suebia.Extensions\R5T.Suebia.Extensions.csproj", "{5A7A6EC4-5A35-4309-B44B-8422308E33E1}"
EndProject
Project("{9A19103F-16F7-4668-BE54-9A1E7A4F7556}") = "R5T.Suebia.Base", "..\..\R5T.Suebia.Base\source\R5T.Suebia.Base\R5T.Suebia.Base.csproj", "{D96653BC-EC88-46D7-8908-E07E0C5764BB}"
EndProject
Project("{9A19103F-16F7-4668-BE54-9A1E7A4F7556}") = "R5T.Norsica.Default", "..\..\R5T.Norsica.Default\source\R5T.Norsica.Default\R5T.Norsica.Default.csproj", "{4F8CA941-887A-4176-A3C2-A6B04B15F25C}"
EndProject
Project("{9A19103F-16F7-4668-BE54-9A1E7A4F7556}") = "R5T.Norsica.Base", "..\..\R5T.Norsica.Base\source\R5T.Norsica.Base\R5T.Norsica.Base.csproj", "{AE06289C-E411-4CB2-9E14-7A1825C6BC2D}"
EndProject
Project("{9A19103F-16F7-4668-BE54-9A1E7A4F7556}") = "R5T.Norsica.Commands", "..\..\R5T.Norsica.Commands\source\R5T.Norsica.Commands\R5T.Norsica.Commands.csproj", "{D19AFB0F-CEB7-4C81-AD0B-19CE8DFFC524}"
EndProject
Project("{9A19103F-16F7-4668-BE54-9A1E7A4F7556}") = "R5T.Heraklion", "..\..\R5T.Heraklion\source\R5T.Heraklion\R5T.Heraklion.csproj", "{A58DB873-F919-4BD5-AE08-98B41AAE229C}"
EndProject
Project("{9A19103F-16F7-4668-BE54-9A1E7A4F7556}") = "R5T.Piraeus", "..\..\R5T.Piraeus\source\R5T.Piraeus\R5T.Piraeus.csproj", "{1CA73A69-D859-4487-BA97-FFAF7718D479}"
EndProject
Project("{9A19103F-16F7-4668-BE54-9A1E7A4F7556}") = "R5T.Volos", "..\..\R5T.Volos\source\R5T.Volos\R5T.Volos.csproj", "{BC5A6AF4-F082-47FA-9C83-1C0EC1115D22}"
EndProject
Project("{9A19103F-16F7-4668-BE54-9A1E7A4F7556}") = "R5T.Heraklion.Default", "..\..\R5T.Heraklion.Default\source\R5T.Heraklion.Default\R5T.Heraklion.Default.csproj", "{A4074649-8B29-4B67-9A61-170E76F9440E}"
EndProject
Project("{9A19103F-16F7-4668-BE54-9A1E7A4F7556}") = "R5T.Piraeus.StringBuilder", "..\..\R5T.Piraeus.StringBuilder\source\R5T.Piraeus.StringBuilder\R5T.Piraeus.StringBuilder.csproj", "{6D5E6140-1B08-48E9-AE39-2CD00636B068}"
EndProject
Project("{9A19103F-16F7-4668-BE54-9A1E7A4F7556}") = "R5T.Smyni.Base", "..\..\R5T.Smyni.Base\source\R5T.Smyni.Base\R5T.Smyni.Base.csproj", "{7FD44354-DDE8-46F1-8394-9BE3CA193360}"
EndProject
Global
	GlobalSection(SolutionConfigurationPlatforms) = preSolution
		Debug|Any CPU = Debug|Any CPU
		Debug|x64 = Debug|x64
		Debug|x86 = Debug|x86
		Release|Any CPU = Release|Any CPU
		Release|x64 = Release|x64
		Release|x86 = Release|x86
	EndGlobalSection
	GlobalSection(ProjectConfigurationPlatforms) = postSolution
		{7BAB3B9B-D181-494B-891A-1FACF116B368}.Debug|Any CPU.ActiveCfg = Debug|Any CPU
		{7BAB3B9B-D181-494B-891A-1FACF116B368}.Debug|Any CPU.Build.0 = Debug|Any CPU
		{7BAB3B9B-D181-494B-891A-1FACF116B368}.Debug|x64.ActiveCfg = Debug|Any CPU
		{7BAB3B9B-D181-494B-891A-1FACF116B368}.Debug|x64.Build.0 = Debug|Any CPU
		{7BAB3B9B-D181-494B-891A-1FACF116B368}.Debug|x86.ActiveCfg = Debug|Any CPU
		{7BAB3B9B-D181-494B-891A-1FACF116B368}.Debug|x86.Build.0 = Debug|Any CPU
		{7BAB3B9B-D181-494B-891A-1FACF116B368}.Release|Any CPU.ActiveCfg = Release|Any CPU
		{7BAB3B9B-D181-494B-891A-1FACF116B368}.Release|Any CPU.Build.0 = Release|Any CPU
		{7BAB3B9B-D181-494B-891A-1FACF116B368}.Release|x64.ActiveCfg = Release|Any CPU
		{7BAB3B9B-D181-494B-891A-1FACF116B368}.Release|x64.Build.0 = Release|Any CPU
		{7BAB3B9B-D181-494B-891A-1FACF116B368}.Release|x86.ActiveCfg = Release|Any CPU
		{7BAB3B9B-D181-494B-891A-1FACF116B368}.Release|x86.Build.0 = Release|Any CPU
		{8A36C978-D63E-4FB3-A6BC-64F4E67C360B}.Debug|Any CPU.ActiveCfg = Debug|Any CPU
		{8A36C978-D63E-4FB3-A6BC-64F4E67C360B}.Debug|Any CPU.Build.0 = Debug|Any CPU
		{8A36C978-D63E-4FB3-A6BC-64F4E67C360B}.Debug|x64.ActiveCfg = Debug|Any CPU
		{8A36C978-D63E-4FB3-A6BC-64F4E67C360B}.Debug|x64.Build.0 = Debug|Any CPU
		{8A36C978-D63E-4FB3-A6BC-64F4E67C360B}.Debug|x86.ActiveCfg = Debug|Any CPU
		{8A36C978-D63E-4FB3-A6BC-64F4E67C360B}.Debug|x86.Build.0 = Debug|Any CPU
		{8A36C978-D63E-4FB3-A6BC-64F4E67C360B}.Release|Any CPU.ActiveCfg = Release|Any CPU
		{8A36C978-D63E-4FB3-A6BC-64F4E67C360B}.Release|Any CPU.Build.0 = Release|Any CPU
		{8A36C978-D63E-4FB3-A6BC-64F4E67C360B}.Release|x64.ActiveCfg = Release|Any CPU
		{8A36C978-D63E-4FB3-A6BC-64F4E67C360B}.Release|x64.Build.0 = Release|Any CPU
		{8A36C978-D63E-4FB3-A6BC-64F4E67C360B}.Release|x86.ActiveCfg = Release|Any CPU
		{8A36C978-D63E-4FB3-A6BC-64F4E67C360B}.Release|x86.Build.0 = Release|Any CPU
		{85F75772-BEC5-4078-8FB4-0FEFAB48BBE2}.Debug|Any CPU.ActiveCfg = Debug|Any CPU
		{85F75772-BEC5-4078-8FB4-0FEFAB48BBE2}.Debug|Any CPU.Build.0 = Debug|Any CPU
		{85F75772-BEC5-4078-8FB4-0FEFAB48BBE2}.Debug|x64.ActiveCfg = Debug|Any CPU
		{85F75772-BEC5-4078-8FB4-0FEFAB48BBE2}.Debug|x64.Build.0 = Debug|Any CPU
		{85F75772-BEC5-4078-8FB4-0FEFAB48BBE2}.Debug|x86.ActiveCfg = Debug|Any CPU
		{85F75772-BEC5-4078-8FB4-0FEFAB48BBE2}.Debug|x86.Build.0 = Debug|Any CPU
		{85F75772-BEC5-4078-8FB4-0FEFAB48BBE2}.Release|Any CPU.ActiveCfg = Release|Any CPU
		{85F75772-BEC5-4078-8FB4-0FEFAB48BBE2}.Release|Any CPU.Build.0 = Release|Any CPU
		{85F75772-BEC5-4078-8FB4-0FEFAB48BBE2}.Release|x64.ActiveCfg = Release|Any CPU
		{85F75772-BEC5-4078-8FB4-0FEFAB48BBE2}.Release|x64.Build.0 = Release|Any CPU
		{85F75772-BEC5-4078-8FB4-0FEFAB48BBE2}.Release|x86.ActiveCfg = Release|Any CPU
		{85F75772-BEC5-4078-8FB4-0FEFAB48BBE2}.Release|x86.Build.0 = Release|Any CPU
		{B92FEFC0-4A28-4136-A302-B889EE225240}.Debug|Any CPU.ActiveCfg = Debug|Any CPU
		{B92FEFC0-4A28-4136-A302-B889EE225240}.Debug|Any CPU.Build.0 = Debug|Any CPU
		{B92FEFC0-4A28-4136-A302-B889EE225240}.Debug|x64.ActiveCfg = Debug|Any CPU
		{B92FEFC0-4A28-4136-A302-B889EE225240}.Debug|x64.Build.0 = Debug|Any CPU
		{B92FEFC0-4A28-4136-A302-B889EE225240}.Debug|x86.ActiveCfg = Debug|Any CPU
		{B92FEFC0-4A28-4136-A302-B889EE225240}.Debug|x86.Build.0 = Debug|Any CPU
		{B92FEFC0-4A28-4136-A302-B889EE225240}.Release|Any CPU.ActiveCfg = Release|Any CPU
		{B92FEFC0-4A28-4136-A302-B889EE225240}.Release|Any CPU.Build.0 = Release|Any CPU
		{B92FEFC0-4A28-4136-A302-B889EE225240}.Release|x64.ActiveCfg = Release|Any CPU
		{B92FEFC0-4A28-4136-A302-B889EE225240}.Release|x64.Build.0 = Release|Any CPU
		{B92FEFC0-4A28-4136-A302-B889EE225240}.Release|x86.ActiveCfg = Release|Any CPU
		{B92FEFC0-4A28-4136-A302-B889EE225240}.Release|x86.Build.0 = Release|Any CPU
		{B175DA3D-ADBD-4E5F-A496-EDB6E3D7C732}.Debug|Any CPU.ActiveCfg = Debug|Any CPU
		{B175DA3D-ADBD-4E5F-A496-EDB6E3D7C732}.Debug|Any CPU.Build.0 = Debug|Any CPU
		{B175DA3D-ADBD-4E5F-A496-EDB6E3D7C732}.Debug|x64.ActiveCfg = Debug|Any CPU
		{B175DA3D-ADBD-4E5F-A496-EDB6E3D7C732}.Debug|x64.Build.0 = Debug|Any CPU
		{B175DA3D-ADBD-4E5F-A496-EDB6E3D7C732}.Debug|x86.ActiveCfg = Debug|Any CPU
		{B175DA3D-ADBD-4E5F-A496-EDB6E3D7C732}.Debug|x86.Build.0 = Debug|Any CPU
		{B175DA3D-ADBD-4E5F-A496-EDB6E3D7C732}.Release|Any CPU.ActiveCfg = Release|Any CPU
		{B175DA3D-ADBD-4E5F-A496-EDB6E3D7C732}.Release|Any CPU.Build.0 = Release|Any CPU
		{B175DA3D-ADBD-4E5F-A496-EDB6E3D7C732}.Release|x64.ActiveCfg = Release|Any CPU
		{B175DA3D-ADBD-4E5F-A496-EDB6E3D7C732}.Release|x64.Build.0 = Release|Any CPU
		{B175DA3D-ADBD-4E5F-A496-EDB6E3D7C732}.Release|x86.ActiveCfg = Release|Any CPU
		{B175DA3D-ADBD-4E5F-A496-EDB6E3D7C732}.Release|x86.Build.0 = Release|Any CPU
		{5FD8745D-1AF4-4719-BC80-859BCE2A05FD}.Debug|Any CPU.ActiveCfg = Debug|Any CPU
		{5FD8745D-1AF4-4719-BC80-859BCE2A05FD}.Debug|Any CPU.Build.0 = Debug|Any CPU
		{5FD8745D-1AF4-4719-BC80-859BCE2A05FD}.Debug|x64.ActiveCfg = Debug|Any CPU
		{5FD8745D-1AF4-4719-BC80-859BCE2A05FD}.Debug|x64.Build.0 = Debug|Any CPU
		{5FD8745D-1AF4-4719-BC80-859BCE2A05FD}.Debug|x86.ActiveCfg = Debug|Any CPU
		{5FD8745D-1AF4-4719-BC80-859BCE2A05FD}.Debug|x86.Build.0 = Debug|Any CPU
		{5FD8745D-1AF4-4719-BC80-859BCE2A05FD}.Release|Any CPU.ActiveCfg = Release|Any CPU
		{5FD8745D-1AF4-4719-BC80-859BCE2A05FD}.Release|Any CPU.Build.0 = Release|Any CPU
		{5FD8745D-1AF4-4719-BC80-859BCE2A05FD}.Release|x64.ActiveCfg = Release|Any CPU
		{5FD8745D-1AF4-4719-BC80-859BCE2A05FD}.Release|x64.Build.0 = Release|Any CPU
		{5FD8745D-1AF4-4719-BC80-859BCE2A05FD}.Release|x86.ActiveCfg = Release|Any CPU
		{5FD8745D-1AF4-4719-BC80-859BCE2A05FD}.Release|x86.Build.0 = Release|Any CPU
		{063F05D8-C70A-4713-B71A-E1B480126749}.Debug|Any CPU.ActiveCfg = Debug|Any CPU
		{063F05D8-C70A-4713-B71A-E1B480126749}.Debug|Any CPU.Build.0 = Debug|Any CPU
		{063F05D8-C70A-4713-B71A-E1B480126749}.Debug|x64.ActiveCfg = Debug|Any CPU
		{063F05D8-C70A-4713-B71A-E1B480126749}.Debug|x64.Build.0 = Debug|Any CPU
		{063F05D8-C70A-4713-B71A-E1B480126749}.Debug|x86.ActiveCfg = Debug|Any CPU
		{063F05D8-C70A-4713-B71A-E1B480126749}.Debug|x86.Build.0 = Debug|Any CPU
		{063F05D8-C70A-4713-B71A-E1B480126749}.Release|Any CPU.ActiveCfg = Release|Any CPU
		{063F05D8-C70A-4713-B71A-E1B480126749}.Release|Any CPU.Build.0 = Release|Any CPU
		{063F05D8-C70A-4713-B71A-E1B480126749}.Release|x64.ActiveCfg = Release|Any CPU
		{063F05D8-C70A-4713-B71A-E1B480126749}.Release|x64.Build.0 = Release|Any CPU
		{063F05D8-C70A-4713-B71A-E1B480126749}.Release|x86.ActiveCfg = Release|Any CPU
		{063F05D8-C70A-4713-B71A-E1B480126749}.Release|x86.Build.0 = Release|Any CPU
		{5C1532FE-1150-43A8-BD8E-133A91DF08DC}.Debug|Any CPU.ActiveCfg = Debug|Any CPU
		{5C1532FE-1150-43A8-BD8E-133A91DF08DC}.Debug|Any CPU.Build.0 = Debug|Any CPU
		{5C1532FE-1150-43A8-BD8E-133A91DF08DC}.Debug|x64.ActiveCfg = Debug|Any CPU
		{5C1532FE-1150-43A8-BD8E-133A91DF08DC}.Debug|x64.Build.0 = Debug|Any CPU
		{5C1532FE-1150-43A8-BD8E-133A91DF08DC}.Debug|x86.ActiveCfg = Debug|Any CPU
		{5C1532FE-1150-43A8-BD8E-133A91DF08DC}.Debug|x86.Build.0 = Debug|Any CPU
		{5C1532FE-1150-43A8-BD8E-133A91DF08DC}.Release|Any CPU.ActiveCfg = Release|Any CPU
		{5C1532FE-1150-43A8-BD8E-133A91DF08DC}.Release|Any CPU.Build.0 = Release|Any CPU
		{5C1532FE-1150-43A8-BD8E-133A91DF08DC}.Release|x64.ActiveCfg = Release|Any CPU
		{5C1532FE-1150-43A8-BD8E-133A91DF08DC}.Release|x64.Build.0 = Release|Any CPU
		{5C1532FE-1150-43A8-BD8E-133A91DF08DC}.Release|x86.ActiveCfg = Release|Any CPU
		{5C1532FE-1150-43A8-BD8E-133A91DF08DC}.Release|x86.Build.0 = Release|Any CPU
		{D366C077-88C4-4CE4-8D7A-3F9D7E645879}.Debug|Any CPU.ActiveCfg = Debug|Any CPU
		{D366C077-88C4-4CE4-8D7A-3F9D7E645879}.Debug|Any CPU.Build.0 = Debug|Any CPU
		{D366C077-88C4-4CE4-8D7A-3F9D7E645879}.Debug|x64.ActiveCfg = Debug|Any CPU
		{D366C077-88C4-4CE4-8D7A-3F9D7E645879}.Debug|x64.Build.0 = Debug|Any CPU
		{D366C077-88C4-4CE4-8D7A-3F9D7E645879}.Debug|x86.ActiveCfg = Debug|Any CPU
		{D366C077-88C4-4CE4-8D7A-3F9D7E645879}.Debug|x86.Build.0 = Debug|Any CPU
		{D366C077-88C4-4CE4-8D7A-3F9D7E645879}.Release|Any CPU.ActiveCfg = Release|Any CPU
		{D366C077-88C4-4CE4-8D7A-3F9D7E645879}.Release|Any CPU.Build.0 = Release|Any CPU
		{D366C077-88C4-4CE4-8D7A-3F9D7E645879}.Release|x64.ActiveCfg = Release|Any CPU
		{D366C077-88C4-4CE4-8D7A-3F9D7E645879}.Release|x64.Build.0 = Release|Any CPU
		{D366C077-88C4-4CE4-8D7A-3F9D7E645879}.Release|x86.ActiveCfg = Release|Any CPU
		{D366C077-88C4-4CE4-8D7A-3F9D7E645879}.Release|x86.Build.0 = Release|Any CPU
		{D31E14E8-132F-4127-9E83-A23E21CAF5E4}.Debug|Any CPU.ActiveCfg = Debug|Any CPU
		{D31E14E8-132F-4127-9E83-A23E21CAF5E4}.Debug|Any CPU.Build.0 = Debug|Any CPU
		{D31E14E8-132F-4127-9E83-A23E21CAF5E4}.Debug|x64.ActiveCfg = Debug|Any CPU
		{D31E14E8-132F-4127-9E83-A23E21CAF5E4}.Debug|x64.Build.0 = Debug|Any CPU
		{D31E14E8-132F-4127-9E83-A23E21CAF5E4}.Debug|x86.ActiveCfg = Debug|Any CPU
		{D31E14E8-132F-4127-9E83-A23E21CAF5E4}.Debug|x86.Build.0 = Debug|Any CPU
		{D31E14E8-132F-4127-9E83-A23E21CAF5E4}.Release|Any CPU.ActiveCfg = Release|Any CPU
		{D31E14E8-132F-4127-9E83-A23E21CAF5E4}.Release|Any CPU.Build.0 = Release|Any CPU
		{D31E14E8-132F-4127-9E83-A23E21CAF5E4}.Release|x64.ActiveCfg = Release|Any CPU
		{D31E14E8-132F-4127-9E83-A23E21CAF5E4}.Release|x64.Build.0 = Release|Any CPU
		{D31E14E8-132F-4127-9E83-A23E21CAF5E4}.Release|x86.ActiveCfg = Release|Any CPU
		{D31E14E8-132F-4127-9E83-A23E21CAF5E4}.Release|x86.Build.0 = Release|Any CPU
		{EEFD1F35-32CA-4435-9B04-12E1C06143C6}.Debug|Any CPU.ActiveCfg = Debug|Any CPU
		{EEFD1F35-32CA-4435-9B04-12E1C06143C6}.Debug|Any CPU.Build.0 = Debug|Any CPU
		{EEFD1F35-32CA-4435-9B04-12E1C06143C6}.Debug|x64.ActiveCfg = Debug|Any CPU
		{EEFD1F35-32CA-4435-9B04-12E1C06143C6}.Debug|x64.Build.0 = Debug|Any CPU
		{EEFD1F35-32CA-4435-9B04-12E1C06143C6}.Debug|x86.ActiveCfg = Debug|Any CPU
		{EEFD1F35-32CA-4435-9B04-12E1C06143C6}.Debug|x86.Build.0 = Debug|Any CPU
		{EEFD1F35-32CA-4435-9B04-12E1C06143C6}.Release|Any CPU.ActiveCfg = Release|Any CPU
		{EEFD1F35-32CA-4435-9B04-12E1C06143C6}.Release|Any CPU.Build.0 = Release|Any CPU
		{EEFD1F35-32CA-4435-9B04-12E1C06143C6}.Release|x64.ActiveCfg = Release|Any CPU
		{EEFD1F35-32CA-4435-9B04-12E1C06143C6}.Release|x64.Build.0 = Release|Any CPU
		{EEFD1F35-32CA-4435-9B04-12E1C06143C6}.Release|x86.ActiveCfg = Release|Any CPU
		{EEFD1F35-32CA-4435-9B04-12E1C06143C6}.Release|x86.Build.0 = Release|Any CPU
		{FE6AFC40-E097-46D4-AF44-E2F3D7B97CF2}.Debug|Any CPU.ActiveCfg = Debug|Any CPU
		{FE6AFC40-E097-46D4-AF44-E2F3D7B97CF2}.Debug|Any CPU.Build.0 = Debug|Any CPU
		{FE6AFC40-E097-46D4-AF44-E2F3D7B97CF2}.Debug|x64.ActiveCfg = Debug|Any CPU
		{FE6AFC40-E097-46D4-AF44-E2F3D7B97CF2}.Debug|x64.Build.0 = Debug|Any CPU
		{FE6AFC40-E097-46D4-AF44-E2F3D7B97CF2}.Debug|x86.ActiveCfg = Debug|Any CPU
		{FE6AFC40-E097-46D4-AF44-E2F3D7B97CF2}.Debug|x86.Build.0 = Debug|Any CPU
		{FE6AFC40-E097-46D4-AF44-E2F3D7B97CF2}.Release|Any CPU.ActiveCfg = Release|Any CPU
		{FE6AFC40-E097-46D4-AF44-E2F3D7B97CF2}.Release|Any CPU.Build.0 = Release|Any CPU
		{FE6AFC40-E097-46D4-AF44-E2F3D7B97CF2}.Release|x64.ActiveCfg = Release|Any CPU
		{FE6AFC40-E097-46D4-AF44-E2F3D7B97CF2}.Release|x64.Build.0 = Release|Any CPU
		{FE6AFC40-E097-46D4-AF44-E2F3D7B97CF2}.Release|x86.ActiveCfg = Release|Any CPU
		{FE6AFC40-E097-46D4-AF44-E2F3D7B97CF2}.Release|x86.Build.0 = Release|Any CPU
		{117F4AFE-EE73-4571-A46D-11DB9ADBDAB4}.Debug|Any CPU.ActiveCfg = Debug|Any CPU
		{117F4AFE-EE73-4571-A46D-11DB9ADBDAB4}.Debug|Any CPU.Build.0 = Debug|Any CPU
		{117F4AFE-EE73-4571-A46D-11DB9ADBDAB4}.Debug|x64.ActiveCfg = Debug|Any CPU
		{117F4AFE-EE73-4571-A46D-11DB9ADBDAB4}.Debug|x64.Build.0 = Debug|Any CPU
		{117F4AFE-EE73-4571-A46D-11DB9ADBDAB4}.Debug|x86.ActiveCfg = Debug|Any CPU
		{117F4AFE-EE73-4571-A46D-11DB9ADBDAB4}.Debug|x86.Build.0 = Debug|Any CPU
		{117F4AFE-EE73-4571-A46D-11DB9ADBDAB4}.Release|Any CPU.ActiveCfg = Release|Any CPU
		{117F4AFE-EE73-4571-A46D-11DB9ADBDAB4}.Release|Any CPU.Build.0 = Release|Any CPU
		{117F4AFE-EE73-4571-A46D-11DB9ADBDAB4}.Release|x64.ActiveCfg = Release|Any CPU
		{117F4AFE-EE73-4571-A46D-11DB9ADBDAB4}.Release|x64.Build.0 = Release|Any CPU
		{117F4AFE-EE73-4571-A46D-11DB9ADBDAB4}.Release|x86.ActiveCfg = Release|Any CPU
		{117F4AFE-EE73-4571-A46D-11DB9ADBDAB4}.Release|x86.Build.0 = Release|Any CPU
		{001D2289-8880-45BA-A4F2-107E2608BEA8}.Debug|Any CPU.ActiveCfg = Debug|Any CPU
		{001D2289-8880-45BA-A4F2-107E2608BEA8}.Debug|Any CPU.Build.0 = Debug|Any CPU
		{001D2289-8880-45BA-A4F2-107E2608BEA8}.Debug|x64.ActiveCfg = Debug|Any CPU
		{001D2289-8880-45BA-A4F2-107E2608BEA8}.Debug|x64.Build.0 = Debug|Any CPU
		{001D2289-8880-45BA-A4F2-107E2608BEA8}.Debug|x86.ActiveCfg = Debug|Any CPU
		{001D2289-8880-45BA-A4F2-107E2608BEA8}.Debug|x86.Build.0 = Debug|Any CPU
		{001D2289-8880-45BA-A4F2-107E2608BEA8}.Release|Any CPU.ActiveCfg = Release|Any CPU
		{001D2289-8880-45BA-A4F2-107E2608BEA8}.Release|Any CPU.Build.0 = Release|Any CPU
		{001D2289-8880-45BA-A4F2-107E2608BEA8}.Release|x64.ActiveCfg = Release|Any CPU
		{001D2289-8880-45BA-A4F2-107E2608BEA8}.Release|x64.Build.0 = Release|Any CPU
		{001D2289-8880-45BA-A4F2-107E2608BEA8}.Release|x86.ActiveCfg = Release|Any CPU
		{001D2289-8880-45BA-A4F2-107E2608BEA8}.Release|x86.Build.0 = Release|Any CPU
		{ADFCCFE4-DFFD-4BD6-9AF2-D56F5875E228}.Debug|Any CPU.ActiveCfg = Debug|Any CPU
		{ADFCCFE4-DFFD-4BD6-9AF2-D56F5875E228}.Debug|Any CPU.Build.0 = Debug|Any CPU
		{ADFCCFE4-DFFD-4BD6-9AF2-D56F5875E228}.Debug|x64.ActiveCfg = Debug|Any CPU
		{ADFCCFE4-DFFD-4BD6-9AF2-D56F5875E228}.Debug|x64.Build.0 = Debug|Any CPU
		{ADFCCFE4-DFFD-4BD6-9AF2-D56F5875E228}.Debug|x86.ActiveCfg = Debug|Any CPU
		{ADFCCFE4-DFFD-4BD6-9AF2-D56F5875E228}.Debug|x86.Build.0 = Debug|Any CPU
		{ADFCCFE4-DFFD-4BD6-9AF2-D56F5875E228}.Release|Any CPU.ActiveCfg = Release|Any CPU
		{ADFCCFE4-DFFD-4BD6-9AF2-D56F5875E228}.Release|Any CPU.Build.0 = Release|Any CPU
		{ADFCCFE4-DFFD-4BD6-9AF2-D56F5875E228}.Release|x64.ActiveCfg = Release|Any CPU
		{ADFCCFE4-DFFD-4BD6-9AF2-D56F5875E228}.Release|x64.Build.0 = Release|Any CPU
		{ADFCCFE4-DFFD-4BD6-9AF2-D56F5875E228}.Release|x86.ActiveCfg = Release|Any CPU
		{ADFCCFE4-DFFD-4BD6-9AF2-D56F5875E228}.Release|x86.Build.0 = Release|Any CPU
		{0C54BCB5-2551-49DC-B158-6B40C5884286}.Debug|Any CPU.ActiveCfg = Debug|Any CPU
		{0C54BCB5-2551-49DC-B158-6B40C5884286}.Debug|Any CPU.Build.0 = Debug|Any CPU
		{0C54BCB5-2551-49DC-B158-6B40C5884286}.Debug|x64.ActiveCfg = Debug|Any CPU
		{0C54BCB5-2551-49DC-B158-6B40C5884286}.Debug|x64.Build.0 = Debug|Any CPU
		{0C54BCB5-2551-49DC-B158-6B40C5884286}.Debug|x86.ActiveCfg = Debug|Any CPU
		{0C54BCB5-2551-49DC-B158-6B40C5884286}.Debug|x86.Build.0 = Debug|Any CPU
		{0C54BCB5-2551-49DC-B158-6B40C5884286}.Release|Any CPU.ActiveCfg = Release|Any CPU
		{0C54BCB5-2551-49DC-B158-6B40C5884286}.Release|Any CPU.Build.0 = Release|Any CPU
		{0C54BCB5-2551-49DC-B158-6B40C5884286}.Release|x64.ActiveCfg = Release|Any CPU
		{0C54BCB5-2551-49DC-B158-6B40C5884286}.Release|x64.Build.0 = Release|Any CPU
		{0C54BCB5-2551-49DC-B158-6B40C5884286}.Release|x86.ActiveCfg = Release|Any CPU
		{0C54BCB5-2551-49DC-B158-6B40C5884286}.Release|x86.Build.0 = Release|Any CPU
		{5A7A6EC4-5A35-4309-B44B-8422308E33E1}.Debug|Any CPU.ActiveCfg = Debug|Any CPU
		{5A7A6EC4-5A35-4309-B44B-8422308E33E1}.Debug|Any CPU.Build.0 = Debug|Any CPU
		{5A7A6EC4-5A35-4309-B44B-8422308E33E1}.Debug|x64.ActiveCfg = Debug|Any CPU
		{5A7A6EC4-5A35-4309-B44B-8422308E33E1}.Debug|x64.Build.0 = Debug|Any CPU
		{5A7A6EC4-5A35-4309-B44B-8422308E33E1}.Debug|x86.ActiveCfg = Debug|Any CPU
		{5A7A6EC4-5A35-4309-B44B-8422308E33E1}.Debug|x86.Build.0 = Debug|Any CPU
		{5A7A6EC4-5A35-4309-B44B-8422308E33E1}.Release|Any CPU.ActiveCfg = Release|Any CPU
		{5A7A6EC4-5A35-4309-B44B-8422308E33E1}.Release|Any CPU.Build.0 = Release|Any CPU
		{5A7A6EC4-5A35-4309-B44B-8422308E33E1}.Release|x64.ActiveCfg = Release|Any CPU
		{5A7A6EC4-5A35-4309-B44B-8422308E33E1}.Release|x64.Build.0 = Release|Any CPU
		{5A7A6EC4-5A35-4309-B44B-8422308E33E1}.Release|x86.ActiveCfg = Release|Any CPU
		{5A7A6EC4-5A35-4309-B44B-8422308E33E1}.Release|x86.Build.0 = Release|Any CPU
		{D96653BC-EC88-46D7-8908-E07E0C5764BB}.Debug|Any CPU.ActiveCfg = Debug|Any CPU
		{D96653BC-EC88-46D7-8908-E07E0C5764BB}.Debug|Any CPU.Build.0 = Debug|Any CPU
		{D96653BC-EC88-46D7-8908-E07E0C5764BB}.Debug|x64.ActiveCfg = Debug|Any CPU
		{D96653BC-EC88-46D7-8908-E07E0C5764BB}.Debug|x64.Build.0 = Debug|Any CPU
		{D96653BC-EC88-46D7-8908-E07E0C5764BB}.Debug|x86.ActiveCfg = Debug|Any CPU
		{D96653BC-EC88-46D7-8908-E07E0C5764BB}.Debug|x86.Build.0 = Debug|Any CPU
		{D96653BC-EC88-46D7-8908-E07E0C5764BB}.Release|Any CPU.ActiveCfg = Release|Any CPU
		{D96653BC-EC88-46D7-8908-E07E0C5764BB}.Release|Any CPU.Build.0 = Release|Any CPU
		{D96653BC-EC88-46D7-8908-E07E0C5764BB}.Release|x64.ActiveCfg = Release|Any CPU
		{D96653BC-EC88-46D7-8908-E07E0C5764BB}.Release|x64.Build.0 = Release|Any CPU
		{D96653BC-EC88-46D7-8908-E07E0C5764BB}.Release|x86.ActiveCfg = Release|Any CPU
		{D96653BC-EC88-46D7-8908-E07E0C5764BB}.Release|x86.Build.0 = Release|Any CPU
		{4F8CA941-887A-4176-A3C2-A6B04B15F25C}.Debug|Any CPU.ActiveCfg = Debug|Any CPU
		{4F8CA941-887A-4176-A3C2-A6B04B15F25C}.Debug|Any CPU.Build.0 = Debug|Any CPU
		{4F8CA941-887A-4176-A3C2-A6B04B15F25C}.Debug|x64.ActiveCfg = Debug|Any CPU
		{4F8CA941-887A-4176-A3C2-A6B04B15F25C}.Debug|x64.Build.0 = Debug|Any CPU
		{4F8CA941-887A-4176-A3C2-A6B04B15F25C}.Debug|x86.ActiveCfg = Debug|Any CPU
		{4F8CA941-887A-4176-A3C2-A6B04B15F25C}.Debug|x86.Build.0 = Debug|Any CPU
		{4F8CA941-887A-4176-A3C2-A6B04B15F25C}.Release|Any CPU.ActiveCfg = Release|Any CPU
		{4F8CA941-887A-4176-A3C2-A6B04B15F25C}.Release|Any CPU.Build.0 = Release|Any CPU
		{4F8CA941-887A-4176-A3C2-A6B04B15F25C}.Release|x64.ActiveCfg = Release|Any CPU
		{4F8CA941-887A-4176-A3C2-A6B04B15F25C}.Release|x64.Build.0 = Release|Any CPU
		{4F8CA941-887A-4176-A3C2-A6B04B15F25C}.Release|x86.ActiveCfg = Release|Any CPU
		{4F8CA941-887A-4176-A3C2-A6B04B15F25C}.Release|x86.Build.0 = Release|Any CPU
		{AE06289C-E411-4CB2-9E14-7A1825C6BC2D}.Debug|Any CPU.ActiveCfg = Debug|Any CPU
		{AE06289C-E411-4CB2-9E14-7A1825C6BC2D}.Debug|Any CPU.Build.0 = Debug|Any CPU
		{AE06289C-E411-4CB2-9E14-7A1825C6BC2D}.Debug|x64.ActiveCfg = Debug|Any CPU
		{AE06289C-E411-4CB2-9E14-7A1825C6BC2D}.Debug|x64.Build.0 = Debug|Any CPU
		{AE06289C-E411-4CB2-9E14-7A1825C6BC2D}.Debug|x86.ActiveCfg = Debug|Any CPU
		{AE06289C-E411-4CB2-9E14-7A1825C6BC2D}.Debug|x86.Build.0 = Debug|Any CPU
		{AE06289C-E411-4CB2-9E14-7A1825C6BC2D}.Release|Any CPU.ActiveCfg = Release|Any CPU
		{AE06289C-E411-4CB2-9E14-7A1825C6BC2D}.Release|Any CPU.Build.0 = Release|Any CPU
		{AE06289C-E411-4CB2-9E14-7A1825C6BC2D}.Release|x64.ActiveCfg = Release|Any CPU
		{AE06289C-E411-4CB2-9E14-7A1825C6BC2D}.Release|x64.Build.0 = Release|Any CPU
		{AE06289C-E411-4CB2-9E14-7A1825C6BC2D}.Release|x86.ActiveCfg = Release|Any CPU
		{AE06289C-E411-4CB2-9E14-7A1825C6BC2D}.Release|x86.Build.0 = Release|Any CPU
		{D19AFB0F-CEB7-4C81-AD0B-19CE8DFFC524}.Debug|Any CPU.ActiveCfg = Debug|Any CPU
		{D19AFB0F-CEB7-4C81-AD0B-19CE8DFFC524}.Debug|Any CPU.Build.0 = Debug|Any CPU
		{D19AFB0F-CEB7-4C81-AD0B-19CE8DFFC524}.Debug|x64.ActiveCfg = Debug|Any CPU
		{D19AFB0F-CEB7-4C81-AD0B-19CE8DFFC524}.Debug|x64.Build.0 = Debug|Any CPU
		{D19AFB0F-CEB7-4C81-AD0B-19CE8DFFC524}.Debug|x86.ActiveCfg = Debug|Any CPU
		{D19AFB0F-CEB7-4C81-AD0B-19CE8DFFC524}.Debug|x86.Build.0 = Debug|Any CPU
		{D19AFB0F-CEB7-4C81-AD0B-19CE8DFFC524}.Release|Any CPU.ActiveCfg = Release|Any CPU
		{D19AFB0F-CEB7-4C81-AD0B-19CE8DFFC524}.Release|Any CPU.Build.0 = Release|Any CPU
		{D19AFB0F-CEB7-4C81-AD0B-19CE8DFFC524}.Release|x64.ActiveCfg = Release|Any CPU
		{D19AFB0F-CEB7-4C81-AD0B-19CE8DFFC524}.Release|x64.Build.0 = Release|Any CPU
		{D19AFB0F-CEB7-4C81-AD0B-19CE8DFFC524}.Release|x86.ActiveCfg = Release|Any CPU
		{D19AFB0F-CEB7-4C81-AD0B-19CE8DFFC524}.Release|x86.Build.0 = Release|Any CPU
		{A58DB873-F919-4BD5-AE08-98B41AAE229C}.Debug|Any CPU.ActiveCfg = Debug|Any CPU
		{A58DB873-F919-4BD5-AE08-98B41AAE229C}.Debug|Any CPU.Build.0 = Debug|Any CPU
		{A58DB873-F919-4BD5-AE08-98B41AAE229C}.Debug|x64.ActiveCfg = Debug|Any CPU
		{A58DB873-F919-4BD5-AE08-98B41AAE229C}.Debug|x64.Build.0 = Debug|Any CPU
		{A58DB873-F919-4BD5-AE08-98B41AAE229C}.Debug|x86.ActiveCfg = Debug|Any CPU
		{A58DB873-F919-4BD5-AE08-98B41AAE229C}.Debug|x86.Build.0 = Debug|Any CPU
		{A58DB873-F919-4BD5-AE08-98B41AAE229C}.Release|Any CPU.ActiveCfg = Release|Any CPU
		{A58DB873-F919-4BD5-AE08-98B41AAE229C}.Release|Any CPU.Build.0 = Release|Any CPU
		{A58DB873-F919-4BD5-AE08-98B41AAE229C}.Release|x64.ActiveCfg = Release|Any CPU
		{A58DB873-F919-4BD5-AE08-98B41AAE229C}.Release|x64.Build.0 = Release|Any CPU
		{A58DB873-F919-4BD5-AE08-98B41AAE229C}.Release|x86.ActiveCfg = Release|Any CPU
		{A58DB873-F919-4BD5-AE08-98B41AAE229C}.Release|x86.Build.0 = Release|Any CPU
		{1CA73A69-D859-4487-BA97-FFAF7718D479}.Debug|Any CPU.ActiveCfg = Debug|Any CPU
		{1CA73A69-D859-4487-BA97-FFAF7718D479}.Debug|Any CPU.Build.0 = Debug|Any CPU
		{1CA73A69-D859-4487-BA97-FFAF7718D479}.Debug|x64.ActiveCfg = Debug|Any CPU
		{1CA73A69-D859-4487-BA97-FFAF7718D479}.Debug|x64.Build.0 = Debug|Any CPU
		{1CA73A69-D859-4487-BA97-FFAF7718D479}.Debug|x86.ActiveCfg = Debug|Any CPU
		{1CA73A69-D859-4487-BA97-FFAF7718D479}.Debug|x86.Build.0 = Debug|Any CPU
		{1CA73A69-D859-4487-BA97-FFAF7718D479}.Release|Any CPU.ActiveCfg = Release|Any CPU
		{1CA73A69-D859-4487-BA97-FFAF7718D479}.Release|Any CPU.Build.0 = Release|Any CPU
		{1CA73A69-D859-4487-BA97-FFAF7718D479}.Release|x64.ActiveCfg = Release|Any CPU
		{1CA73A69-D859-4487-BA97-FFAF7718D479}.Release|x64.Build.0 = Release|Any CPU
		{1CA73A69-D859-4487-BA97-FFAF7718D479}.Release|x86.ActiveCfg = Release|Any CPU
		{1CA73A69-D859-4487-BA97-FFAF7718D479}.Release|x86.Build.0 = Release|Any CPU
		{BC5A6AF4-F082-47FA-9C83-1C0EC1115D22}.Debug|Any CPU.ActiveCfg = Debug|Any CPU
		{BC5A6AF4-F082-47FA-9C83-1C0EC1115D22}.Debug|Any CPU.Build.0 = Debug|Any CPU
		{BC5A6AF4-F082-47FA-9C83-1C0EC1115D22}.Debug|x64.ActiveCfg = Debug|Any CPU
		{BC5A6AF4-F082-47FA-9C83-1C0EC1115D22}.Debug|x64.Build.0 = Debug|Any CPU
		{BC5A6AF4-F082-47FA-9C83-1C0EC1115D22}.Debug|x86.ActiveCfg = Debug|Any CPU
		{BC5A6AF4-F082-47FA-9C83-1C0EC1115D22}.Debug|x86.Build.0 = Debug|Any CPU
		{BC5A6AF4-F082-47FA-9C83-1C0EC1115D22}.Release|Any CPU.ActiveCfg = Release|Any CPU
		{BC5A6AF4-F082-47FA-9C83-1C0EC1115D22}.Release|Any CPU.Build.0 = Release|Any CPU
		{BC5A6AF4-F082-47FA-9C83-1C0EC1115D22}.Release|x64.ActiveCfg = Release|Any CPU
		{BC5A6AF4-F082-47FA-9C83-1C0EC1115D22}.Release|x64.Build.0 = Release|Any CPU
		{BC5A6AF4-F082-47FA-9C83-1C0EC1115D22}.Release|x86.ActiveCfg = Release|Any CPU
		{BC5A6AF4-F082-47FA-9C83-1C0EC1115D22}.Release|x86.Build.0 = Release|Any CPU
		{A4074649-8B29-4B67-9A61-170E76F9440E}.Debug|Any CPU.ActiveCfg = Debug|Any CPU
		{A4074649-8B29-4B67-9A61-170E76F9440E}.Debug|Any CPU.Build.0 = Debug|Any CPU
		{A4074649-8B29-4B67-9A61-170E76F9440E}.Debug|x64.ActiveCfg = Debug|Any CPU
		{A4074649-8B29-4B67-9A61-170E76F9440E}.Debug|x64.Build.0 = Debug|Any CPU
		{A4074649-8B29-4B67-9A61-170E76F9440E}.Debug|x86.ActiveCfg = Debug|Any CPU
		{A4074649-8B29-4B67-9A61-170E76F9440E}.Debug|x86.Build.0 = Debug|Any CPU
		{A4074649-8B29-4B67-9A61-170E76F9440E}.Release|Any CPU.ActiveCfg = Release|Any CPU
		{A4074649-8B29-4B67-9A61-170E76F9440E}.Release|Any CPU.Build.0 = Release|Any CPU
		{A4074649-8B29-4B67-9A61-170E76F9440E}.Release|x64.ActiveCfg = Release|Any CPU
		{A4074649-8B29-4B67-9A61-170E76F9440E}.Release|x64.Build.0 = Release|Any CPU
		{A4074649-8B29-4B67-9A61-170E76F9440E}.Release|x86.ActiveCfg = Release|Any CPU
		{A4074649-8B29-4B67-9A61-170E76F9440E}.Release|x86.Build.0 = Release|Any CPU
		{6D5E6140-1B08-48E9-AE39-2CD00636B068}.Debug|Any CPU.ActiveCfg = Debug|Any CPU
		{6D5E6140-1B08-48E9-AE39-2CD00636B068}.Debug|Any CPU.Build.0 = Debug|Any CPU
		{6D5E6140-1B08-48E9-AE39-2CD00636B068}.Debug|x64.ActiveCfg = Debug|Any CPU
		{6D5E6140-1B08-48E9-AE39-2CD00636B068}.Debug|x64.Build.0 = Debug|Any CPU
		{6D5E6140-1B08-48E9-AE39-2CD00636B068}.Debug|x86.ActiveCfg = Debug|Any CPU
		{6D5E6140-1B08-48E9-AE39-2CD00636B068}.Debug|x86.Build.0 = Debug|Any CPU
		{6D5E6140-1B08-48E9-AE39-2CD00636B068}.Release|Any CPU.ActiveCfg = Release|Any CPU
		{6D5E6140-1B08-48E9-AE39-2CD00636B068}.Release|Any CPU.Build.0 = Release|Any CPU
		{6D5E6140-1B08-48E9-AE39-2CD00636B068}.Release|x64.ActiveCfg = Release|Any CPU
		{6D5E6140-1B08-48E9-AE39-2CD00636B068}.Release|x64.Build.0 = Release|Any CPU
		{6D5E6140-1B08-48E9-AE39-2CD00636B068}.Release|x86.ActiveCfg = Release|Any CPU
		{6D5E6140-1B08-48E9-AE39-2CD00636B068}.Release|x86.Build.0 = Release|Any CPU
		{7FD44354-DDE8-46F1-8394-9BE3CA193360}.Debug|Any CPU.ActiveCfg = Debug|Any CPU
		{7FD44354-DDE8-46F1-8394-9BE3CA193360}.Debug|Any CPU.Build.0 = Debug|Any CPU
		{7FD44354-DDE8-46F1-8394-9BE3CA193360}.Debug|x64.ActiveCfg = Debug|Any CPU
		{7FD44354-DDE8-46F1-8394-9BE3CA193360}.Debug|x64.Build.0 = Debug|Any CPU
		{7FD44354-DDE8-46F1-8394-9BE3CA193360}.Debug|x86.ActiveCfg = Debug|Any CPU
		{7FD44354-DDE8-46F1-8394-9BE3CA193360}.Debug|x86.Build.0 = Debug|Any CPU
		{7FD44354-DDE8-46F1-8394-9BE3CA193360}.Release|Any CPU.ActiveCfg = Release|Any CPU
		{7FD44354-DDE8-46F1-8394-9BE3CA193360}.Release|Any CPU.Build.0 = Release|Any CPU
		{7FD44354-DDE8-46F1-8394-9BE3CA193360}.Release|x64.ActiveCfg = Release|Any CPU
		{7FD44354-DDE8-46F1-8394-9BE3CA193360}.Release|x64.Build.0 = Release|Any CPU
		{7FD44354-DDE8-46F1-8394-9BE3CA193360}.Release|x86.ActiveCfg = Release|Any CPU
		{7FD44354-DDE8-46F1-8394-9BE3CA193360}.Release|x86.Build.0 = Release|Any CPU
	EndGlobalSection
	GlobalSection(SolutionProperties) = preSolution
		HideSolutionNode = FALSE
	EndGlobalSection
	GlobalSection(NestedProjects) = preSolution
		{B92FEFC0-4A28-4136-A302-B889EE225240} = {B48E230A-8E48-4E2E-90D1-C710FDB56483}
		{B175DA3D-ADBD-4E5F-A496-EDB6E3D7C732} = {B48E230A-8E48-4E2E-90D1-C710FDB56483}
		{5FD8745D-1AF4-4719-BC80-859BCE2A05FD} = {B48E230A-8E48-4E2E-90D1-C710FDB56483}
		{063F05D8-C70A-4713-B71A-E1B480126749} = {B48E230A-8E48-4E2E-90D1-C710FDB56483}
		{5C1532FE-1150-43A8-BD8E-133A91DF08DC} = {B48E230A-8E48-4E2E-90D1-C710FDB56483}
		{D366C077-88C4-4CE4-8D7A-3F9D7E645879} = {B48E230A-8E48-4E2E-90D1-C710FDB56483}
		{D31E14E8-132F-4127-9E83-A23E21CAF5E4} = {B48E230A-8E48-4E2E-90D1-C710FDB56483}
		{EEFD1F35-32CA-4435-9B04-12E1C06143C6} = {B48E230A-8E48-4E2E-90D1-C710FDB56483}
		{FE6AFC40-E097-46D4-AF44-E2F3D7B97CF2} = {B48E230A-8E48-4E2E-90D1-C710FDB56483}
		{117F4AFE-EE73-4571-A46D-11DB9ADBDAB4} = {B48E230A-8E48-4E2E-90D1-C710FDB56483}
		{001D2289-8880-45BA-A4F2-107E2608BEA8} = {B48E230A-8E48-4E2E-90D1-C710FDB56483}
		{ADFCCFE4-DFFD-4BD6-9AF2-D56F5875E228} = {B48E230A-8E48-4E2E-90D1-C710FDB56483}
		{0C54BCB5-2551-49DC-B158-6B40C5884286} = {B48E230A-8E48-4E2E-90D1-C710FDB56483}
		{5A7A6EC4-5A35-4309-B44B-8422308E33E1} = {B48E230A-8E48-4E2E-90D1-C710FDB56483}
		{D96653BC-EC88-46D7-8908-E07E0C5764BB} = {B48E230A-8E48-4E2E-90D1-C710FDB56483}
		{4F8CA941-887A-4176-A3C2-A6B04B15F25C} = {B48E230A-8E48-4E2E-90D1-C710FDB56483}
		{AE06289C-E411-4CB2-9E14-7A1825C6BC2D} = {B48E230A-8E48-4E2E-90D1-C710FDB56483}
		{D19AFB0F-CEB7-4C81-AD0B-19CE8DFFC524} = {B48E230A-8E48-4E2E-90D1-C710FDB56483}
		{A58DB873-F919-4BD5-AE08-98B41AAE229C} = {B48E230A-8E48-4E2E-90D1-C710FDB56483}
		{1CA73A69-D859-4487-BA97-FFAF7718D479} = {B48E230A-8E48-4E2E-90D1-C710FDB56483}
		{BC5A6AF4-F082-47FA-9C83-1C0EC1115D22} = {B48E230A-8E48-4E2E-90D1-C710FDB56483}
		{A4074649-8B29-4B67-9A61-170E76F9440E} = {B48E230A-8E48-4E2E-90D1-C710FDB56483}
		{6D5E6140-1B08-48E9-AE39-2CD00636B068} = {B48E230A-8E48-4E2E-90D1-C710FDB56483}
		{7FD44354-DDE8-46F1-8394-9BE3CA193360} = {B48E230A-8E48-4E2E-90D1-C710FDB56483}
	EndGlobalSection
	GlobalSection(ExtensibilityGlobals) = postSolution
		SolutionGuid = {57845029-CA48-4BBD-9445-FE4F5D1C3163}
	EndGlobalSection
EndGlobal
